
Microsoft Visual Studio Solution File, Format Version 12.00
# Visual Studio Version 17
VisualStudioVersion = 17.9.34622.214
MinimumVisualStudioVersion = 10.0.40219.1
Project("{FAE04EC0-301F-11D3-BF4B-00C04F79EFBC}") = "TobetoOdev1", "TobetoOdev1\TobetoOdev1.csproj", "{0312D7A1-E6C3-4DDC-ACF8-58F261587AE8}"
EndProject
Global
	GlobalSection(SolutionConfigurationPlatforms) = preSolution
		Debug|Any CPU = Debug|Any CPU
		Release|Any CPU = Release|Any CPU
	EndGlobalSection
	GlobalSection(ProjectConfigurationPlatforms) = postSolution
		{0312D7A1-E6C3-4DDC-ACF8-58F261587AE8}.Debug|Any CPU.ActiveCfg = Debug|Any CPU
		{0312D7A1-E6C3-4DDC-ACF8-58F261587AE8}.Debug|Any CPU.Build.0 = Debug|Any CPU
		{0312D7A1-E6C3-4DDC-ACF8-58F261587AE8}.Release|Any CPU.ActiveCfg = Release|Any CPU
		{0312D7A1-E6C3-4DDC-ACF8-58F261587AE8}.Release|Any CPU.Build.0 = Release|Any CPU
	EndGlobalSection
	GlobalSection(SolutionProperties) = preSolution
		HideSolutionNode = FALSE
	EndGlobalSection
	GlobalSection(ExtensibilityGlobals) = postSolution
		SolutionGuid = {0249050E-7569-4D18-840B-CD52019E17A2}
	EndGlobalSection
EndGlobal
